// !$*UTF8*$!
{
	archiveVersion = 1;
	classes = {
	};
	objectVersion = 46;
	objects = {

/* Begin PBXBuildFile section */
		8E61FD95BC314123A6B84138 /* libPods-MovieLibraryTests.a in Frameworks */ = {isa = PBXBuildFile; fileRef = 89060F98329F48E6ADCAAFE6 /* libPods-MovieLibraryTests.a */; };
		CD11127617448DBD00F3F1DA /* MovieLibrarySpec.m in Sources */ = {isa = PBXBuildFile; fileRef = CD11127517448DBD00F3F1DA /* MovieLibrarySpec.m */; };
		CD7ADE49174315F400B5B281 /* UIKit.framework in Frameworks */ = {isa = PBXBuildFile; fileRef = CD7ADE48174315F400B5B281 /* UIKit.framework */; };
		CD7ADE4B174315F400B5B281 /* Foundation.framework in Frameworks */ = {isa = PBXBuildFile; fileRef = CD7ADE4A174315F400B5B281 /* Foundation.framework */; };
		CD7ADE4D174315F400B5B281 /* CoreGraphics.framework in Frameworks */ = {isa = PBXBuildFile; fileRef = CD7ADE4C174315F400B5B281 /* CoreGraphics.framework */; };
		CD7ADE53174315F400B5B281 /* InfoPlist.strings in Resources */ = {isa = PBXBuildFile; fileRef = CD7ADE51174315F400B5B281 /* InfoPlist.strings */; };
		CD7ADE55174315F400B5B281 /* main.m in Sources */ = {isa = PBXBuildFile; fileRef = CD7ADE54174315F400B5B281 /* main.m */; };
		CD7ADE59174315F400B5B281 /* AppDelegate.m in Sources */ = {isa = PBXBuildFile; fileRef = CD7ADE58174315F400B5B281 /* AppDelegate.m */; };
		CD7ADE5B174315F400B5B281 /* Default.png in Resources */ = {isa = PBXBuildFile; fileRef = CD7ADE5A174315F400B5B281 /* Default.png */; };
		CD7ADE5D174315F400B5B281 /* Default@2x.png in Resources */ = {isa = PBXBuildFile; fileRef = CD7ADE5C174315F400B5B281 /* Default@2x.png */; };
		CD7ADE5F174315F400B5B281 /* Default-568h@2x.png in Resources */ = {isa = PBXBuildFile; fileRef = CD7ADE5E174315F400B5B281 /* Default-568h@2x.png */; };
		CD7ADE67174315F400B5B281 /* SenTestingKit.framework in Frameworks */ = {isa = PBXBuildFile; fileRef = CD7ADE66174315F400B5B281 /* SenTestingKit.framework */; };
		CD7ADE68174315F400B5B281 /* UIKit.framework in Frameworks */ = {isa = PBXBuildFile; fileRef = CD7ADE48174315F400B5B281 /* UIKit.framework */; };
		CD7ADE69174315F400B5B281 /* Foundation.framework in Frameworks */ = {isa = PBXBuildFile; fileRef = CD7ADE4A174315F400B5B281 /* Foundation.framework */; };
		CD7ADE71174315F400B5B281 /* InfoPlist.strings in Resources */ = {isa = PBXBuildFile; fileRef = CD7ADE6F174315F400B5B281 /* InfoPlist.strings */; };
		CDD4CA5D17431B260096B316 /* SampleSpec.m in Sources */ = {isa = PBXBuildFile; fileRef = CDD4CA5C17431B260096B316 /* SampleSpec.m */; };
/* End PBXBuildFile section */

/* Begin PBXContainerItemProxy section */
		CD7ADE6A174315F400B5B281 /* PBXContainerItemProxy */ = {
			isa = PBXContainerItemProxy;
			containerPortal = CD7ADE3D174315F400B5B281 /* Project object */;
			proxyType = 1;
			remoteGlobalIDString = CD7ADE44174315F400B5B281;
			remoteInfo = MovieLibrary;
		};
/* End PBXContainerItemProxy section */

/* Begin PBXFileReference section */
		89060F98329F48E6ADCAAFE6 /* libPods-MovieLibraryTests.a */ = {isa = PBXFileReference; explicitFileType = archive.ar; includeInIndex = 0; path = "libPods-MovieLibraryTests.a"; sourceTree = BUILT_PRODUCTS_DIR; };
		CD11127517448DBD00F3F1DA /* MovieLibrarySpec.m */ = {isa = PBXFileReference; fileEncoding = 4; lastKnownFileType = sourcecode.c.objc; path = MovieLibrarySpec.m; sourceTree = "<group>"; };
		CD7ADE45174315F400B5B281 /* MovieLibrary.app */ = {isa = PBXFileReference; explicitFileType = wrapper.application; includeInIndex = 0; path = MovieLibrary.app; sourceTree = BUILT_PRODUCTS_DIR; };
		CD7ADE48174315F400B5B281 /* UIKit.framework */ = {isa = PBXFileReference; lastKnownFileType = wrapper.framework; name = UIKit.framework; path = System/Library/Frameworks/UIKit.framework; sourceTree = SDKROOT; };
		CD7ADE4A174315F400B5B281 /* Foundation.framework */ = {isa = PBXFileReference; lastKnownFileType = wrapper.framework; name = Foundation.framework; path = System/Library/Frameworks/Foundation.framework; sourceTree = SDKROOT; };
		CD7ADE4C174315F400B5B281 /* CoreGraphics.framework */ = {isa = PBXFileReference; lastKnownFileType = wrapper.framework; name = CoreGraphics.framework; path = System/Library/Frameworks/CoreGraphics.framework; sourceTree = SDKROOT; };
		CD7ADE50174315F400B5B281 /* MovieLibrary-Info.plist */ = {isa = PBXFileReference; lastKnownFileType = text.plist.xml; path = "MovieLibrary-Info.plist"; sourceTree = "<group>"; };
		CD7ADE52174315F400B5B281 /* en */ = {isa = PBXFileReference; lastKnownFileType = text.plist.strings; name = en; path = en.lproj/InfoPlist.strings; sourceTree = "<group>"; };
		CD7ADE54174315F400B5B281 /* main.m */ = {isa = PBXFileReference; lastKnownFileType = sourcecode.c.objc; path = main.m; sourceTree = "<group>"; };
		CD7ADE56174315F400B5B281 /* MovieLibrary-Prefix.pch */ = {isa = PBXFileReference; lastKnownFileType = sourcecode.c.h; path = "MovieLibrary-Prefix.pch"; sourceTree = "<group>"; };
		CD7ADE57174315F400B5B281 /* AppDelegate.h */ = {isa = PBXFileReference; lastKnownFileType = sourcecode.c.h; path = AppDelegate.h; sourceTree = "<group>"; };
		CD7ADE58174315F400B5B281 /* AppDelegate.m */ = {isa = PBXFileReference; lastKnownFileType = sourcecode.c.objc; path = AppDelegate.m; sourceTree = "<group>"; };
		CD7ADE5A174315F400B5B281 /* Default.png */ = {isa = PBXFileReference; lastKnownFileType = image.png; path = Default.png; sourceTree = "<group>"; };
		CD7ADE5C174315F400B5B281 /* Default@2x.png */ = {isa = PBXFileReference; lastKnownFileType = image.png; path = "Default@2x.png"; sourceTree = "<group>"; };
		CD7ADE5E174315F400B5B281 /* Default-568h@2x.png */ = {isa = PBXFileReference; lastKnownFileType = image.png; path = "Default-568h@2x.png"; sourceTree = "<group>"; };
		CD7ADE65174315F400B5B281 /* MovieLibraryTests.octest */ = {isa = PBXFileReference; explicitFileType = wrapper.cfbundle; includeInIndex = 0; path = MovieLibraryTests.octest; sourceTree = BUILT_PRODUCTS_DIR; };
		CD7ADE66174315F400B5B281 /* SenTestingKit.framework */ = {isa = PBXFileReference; lastKnownFileType = wrapper.framework; name = SenTestingKit.framework; path = Library/Frameworks/SenTestingKit.framework; sourceTree = DEVELOPER_DIR; };
		CD7ADE6E174315F400B5B281 /* MovieLibraryTests-Info.plist */ = {isa = PBXFileReference; lastKnownFileType = text.plist.xml; path = "MovieLibraryTests-Info.plist"; sourceTree = "<group>"; };
		CD7ADE70174315F400B5B281 /* en */ = {isa = PBXFileReference; lastKnownFileType = text.plist.strings; name = en; path = en.lproj/InfoPlist.strings; sourceTree = "<group>"; };
		CDD4CA5C17431B260096B316 /* SampleSpec.m */ = {isa = PBXFileReference; fileEncoding = 4; lastKnownFileType = sourcecode.c.objc; path = SampleSpec.m; sourceTree = "<group>"; };
		D91DCCBA6E0B41B789B58675 /* Pods-MovieLibraryTests.xcconfig */ = {isa = PBXFileReference; includeInIndex = 1; lastKnownFileType = text.xcconfig; name = "Pods-MovieLibraryTests.xcconfig"; path = "Pods/Pods-MovieLibraryTests.xcconfig"; sourceTree = SOURCE_ROOT; };
/* End PBXFileReference section */

/* Begin PBXFrameworksBuildPhase section */
		CD7ADE42174315F400B5B281 /* Frameworks */ = {
			isa = PBXFrameworksBuildPhase;
			buildActionMask = 2147483647;
			files = (
				CD7ADE49174315F400B5B281 /* UIKit.framework in Frameworks */,
				CD7ADE4B174315F400B5B281 /* Foundation.framework in Frameworks */,
				CD7ADE4D174315F400B5B281 /* CoreGraphics.framework in Frameworks */,
			);
			runOnlyForDeploymentPostprocessing = 0;
		};
		CD7ADE61174315F400B5B281 /* Frameworks */ = {
			isa = PBXFrameworksBuildPhase;
			buildActionMask = 2147483647;
			files = (
				CD7ADE67174315F400B5B281 /* SenTestingKit.framework in Frameworks */,
				CD7ADE68174315F400B5B281 /* UIKit.framework in Frameworks */,
				CD7ADE69174315F400B5B281 /* Foundation.framework in Frameworks */,
				8E61FD95BC314123A6B84138 /* libPods-MovieLibraryTests.a in Frameworks */,
			);
			runOnlyForDeploymentPostprocessing = 0;
		};
/* End PBXFrameworksBuildPhase section */

/* Begin PBXGroup section */
		CD7ADE3C174315F400B5B281 = {
			isa = PBXGroup;
			children = (
				CD7ADE4E174315F400B5B281 /* MovieLibrary */,
				CD7ADE6C174315F400B5B281 /* MovieLibraryTests */,
				CD7ADE47174315F400B5B281 /* Frameworks */,
				CD7ADE46174315F400B5B281 /* Products */,
				D91DCCBA6E0B41B789B58675 /* Pods-MovieLibraryTests.xcconfig */,
			);
			sourceTree = "<group>";
		};
		CD7ADE46174315F400B5B281 /* Products */ = {
			isa = PBXGroup;
			children = (
				CD7ADE45174315F400B5B281 /* MovieLibrary.app */,
				CD7ADE65174315F400B5B281 /* MovieLibraryTests.octest */,
			);
			name = Products;
			sourceTree = "<group>";
		};
		CD7ADE47174315F400B5B281 /* Frameworks */ = {
			isa = PBXGroup;
			children = (
				CD7ADE48174315F400B5B281 /* UIKit.framework */,
				CD7ADE4A174315F400B5B281 /* Foundation.framework */,
				CD7ADE4C174315F400B5B281 /* CoreGraphics.framework */,
				CD7ADE66174315F400B5B281 /* SenTestingKit.framework */,
				89060F98329F48E6ADCAAFE6 /* libPods-MovieLibraryTests.a */,
			);
			name = Frameworks;
			sourceTree = "<group>";
		};
		CD7ADE4E174315F400B5B281 /* MovieLibrary */ = {
			isa = PBXGroup;
			children = (
				CD7ADE57174315F400B5B281 /* AppDelegate.h */,
				CD7ADE58174315F400B5B281 /* AppDelegate.m */,
				CD7ADE4F174315F400B5B281 /* Supporting Files */,
			);
			path = MovieLibrary;
			sourceTree = "<group>";
		};
		CD7ADE4F174315F400B5B281 /* Supporting Files */ = {
			isa = PBXGroup;
			children = (
				CD7ADE50174315F400B5B281 /* MovieLibrary-Info.plist */,
				CD7ADE51174315F400B5B281 /* InfoPlist.strings */,
				CD7ADE54174315F400B5B281 /* main.m */,
				CD7ADE56174315F400B5B281 /* MovieLibrary-Prefix.pch */,
				CD7ADE5A174315F400B5B281 /* Default.png */,
				CD7ADE5C174315F400B5B281 /* Default@2x.png */,
				CD7ADE5E174315F400B5B281 /* Default-568h@2x.png */,
			);
			name = "Supporting Files";
			sourceTree = "<group>";
		};
		CD7ADE6C174315F400B5B281 /* MovieLibraryTests */ = {
			isa = PBXGroup;
			children = (
				CD7ADE6D174315F400B5B281 /* Supporting Files */,
				CDD4CA5C17431B260096B316 /* SampleSpec.m */,
				CD11127517448DBD00F3F1DA /* MovieLibrarySpec.m */,
			);
			path = MovieLibraryTests;
			sourceTree = "<group>";
		};
		CD7ADE6D174315F400B5B281 /* Supporting Files */ = {
			isa = PBXGroup;
			children = (
				CD7ADE6E174315F400B5B281 /* MovieLibraryTests-Info.plist */,
				CD7ADE6F174315F400B5B281 /* InfoPlist.strings */,
			);
			name = "Supporting Files";
			sourceTree = "<group>";
		};
/* End PBXGroup section */

/* Begin PBXNativeTarget section */
		CD7ADE44174315F400B5B281 /* MovieLibrary */ = {
			isa = PBXNativeTarget;
			buildConfigurationList = CD7ADE77174315F400B5B281 /* Build configuration list for PBXNativeTarget "MovieLibrary" */;
			buildPhases = (
				CD7ADE41174315F400B5B281 /* Sources */,
				CD7ADE42174315F400B5B281 /* Frameworks */,
				CD7ADE43174315F400B5B281 /* Resources */,
			);
			buildRules = (
			);
			dependencies = (
			);
			name = MovieLibrary;
			productName = MovieLibrary;
			productReference = CD7ADE45174315F400B5B281 /* MovieLibrary.app */;
			productType = "com.apple.product-type.application";
		};
		CD7ADE64174315F400B5B281 /* MovieLibraryTests */ = {
			isa = PBXNativeTarget;
			buildConfigurationList = CD7ADE7A174315F400B5B281 /* Build configuration list for PBXNativeTarget "MovieLibraryTests" */;
			buildPhases = (
				A9876C9405FE4D18AFE6AE87 /* Check Pods Manifest.lock */,
				CD7ADE60174315F400B5B281 /* Sources */,
				CD7ADE61174315F400B5B281 /* Frameworks */,
				CD7ADE62174315F400B5B281 /* Resources */,
				CD7ADE63174315F400B5B281 /* ShellScript */,
				B61B6AE7BC95430791770657 /* Copy Pods Resources */,
			);
			buildRules = (
			);
			dependencies = (
				CD7ADE6B174315F400B5B281 /* PBXTargetDependency */,
			);
			name = MovieLibraryTests;
			productName = MovieLibraryTests;
			productReference = CD7ADE65174315F400B5B281 /* MovieLibraryTests.octest */;
			productType = "com.apple.product-type.bundle";
		};
/* End PBXNativeTarget section */

/* Begin PBXProject section */
		CD7ADE3D174315F400B5B281 /* Project object */ = {
			isa = PBXProject;
			attributes = {
				LastUpgradeCheck = 0460;
				ORGANIZATIONNAME = "mo khan";
			};
			buildConfigurationList = CD7ADE40174315F400B5B281 /* Build configuration list for PBXProject "MovieLibrary" */;
			compatibilityVersion = "Xcode 3.2";
			developmentRegion = English;
			hasScannedForEncodings = 0;
			knownRegions = (
				en,
			);
			mainGroup = CD7ADE3C174315F400B5B281;
			productRefGroup = CD7ADE46174315F400B5B281 /* Products */;
			projectDirPath = "";
			projectRoot = "";
			targets = (
				CD7ADE44174315F400B5B281 /* MovieLibrary */,
				CD7ADE64174315F400B5B281 /* MovieLibraryTests */,
			);
		};
/* End PBXProject section */

/* Begin PBXResourcesBuildPhase section */
		CD7ADE43174315F400B5B281 /* Resources */ = {
			isa = PBXResourcesBuildPhase;
			buildActionMask = 2147483647;
			files = (
				CD7ADE53174315F400B5B281 /* InfoPlist.strings in Resources */,
				CD7ADE5B174315F400B5B281 /* Default.png in Resources */,
				CD7ADE5D174315F400B5B281 /* Default@2x.png in Resources */,
				CD7ADE5F174315F400B5B281 /* Default-568h@2x.png in Resources */,
			);
			runOnlyForDeploymentPostprocessing = 0;
		};
		CD7ADE62174315F400B5B281 /* Resources */ = {
			isa = PBXResourcesBuildPhase;
			buildActionMask = 2147483647;
			files = (
				CD7ADE71174315F400B5B281 /* InfoPlist.strings in Resources */,
			);
			runOnlyForDeploymentPostprocessing = 0;
		};
/* End PBXResourcesBuildPhase section */

/* Begin PBXShellScriptBuildPhase section */
		A9876C9405FE4D18AFE6AE87 /* Check Pods Manifest.lock */ = {
			isa = PBXShellScriptBuildPhase;
			buildActionMask = 2147483647;
			files = (
			);
			inputPaths = (
			);
			name = "Check Pods Manifest.lock";
			outputPaths = (
			);
			runOnlyForDeploymentPostprocessing = 0;
			shellPath = /bin/sh;
			shellScript = "diff \"${PODS_ROOT}/../Podfile.lock\" \"${PODS_ROOT}/Manifest.lock\" > /dev/null\nif [[ $? != 0 ]] ; then\n    cat << EOM\nerror: The sandbox is not in sync with the Podfile.lock. Run 'pod install' or update your CocoaPods installation.\nEOM\n    exit 1\nfi\n";
		};
		B61B6AE7BC95430791770657 /* Copy Pods Resources */ = {
			isa = PBXShellScriptBuildPhase;
			buildActionMask = 2147483647;
			files = (
			);
			inputPaths = (
			);
			name = "Copy Pods Resources";
			outputPaths = (
			);
			runOnlyForDeploymentPostprocessing = 0;
			shellPath = /bin/sh;
			shellScript = "\"${SRCROOT}/Pods/Pods-MovieLibraryTests-resources.sh\"\n";
		};
		CD7ADE63174315F400B5B281 /* ShellScript */ = {
			isa = PBXShellScriptBuildPhase;
			buildActionMask = 2147483647;
			files = (
			);
			inputPaths = (
			);
			outputPaths = (
			);
			runOnlyForDeploymentPostprocessing = 0;
			shellPath = /bin/sh;
			shellScript = "# Run the unit tests in this test bundle.\n\"${SYSTEM_DEVELOPER_DIR}/Tools/RunUnitTests\"\n";
		};
/* End PBXShellScriptBuildPhase section */

/* Begin PBXSourcesBuildPhase section */
		CD7ADE41174315F400B5B281 /* Sources */ = {
			isa = PBXSourcesBuildPhase;
			buildActionMask = 2147483647;
			files = (
				CD7ADE55174315F400B5B281 /* main.m in Sources */,
				CD7ADE59174315F400B5B281 /* AppDelegate.m in Sources */,
			);
			runOnlyForDeploymentPostprocessing = 0;
		};
		CD7ADE60174315F400B5B281 /* Sources */ = {
			isa = PBXSourcesBuildPhase;
			buildActionMask = 2147483647;
			files = (
				CDD4CA5D17431B260096B316 /* SampleSpec.m in Sources */,
				CD11127617448DBD00F3F1DA /* MovieLibrarySpec.m in Sources */,
			);
			runOnlyForDeploymentPostprocessing = 0;
		};
/* End PBXSourcesBuildPhase section */

/* Begin PBXTargetDependency section */
		CD7ADE6B174315F400B5B281 /* PBXTargetDependency */ = {
			isa = PBXTargetDependency;
			target = CD7ADE44174315F400B5B281 /* MovieLibrary */;
			targetProxy = CD7ADE6A174315F400B5B281 /* PBXContainerItemProxy */;
		};
/* End PBXTargetDependency section */

/* Begin PBXVariantGroup section */
		CD7ADE51174315F400B5B281 /* InfoPlist.strings */ = {
			isa = PBXVariantGroup;
			children = (
				CD7ADE52174315F400B5B281 /* en */,
			);
			name = InfoPlist.strings;
			sourceTree = "<group>";
		};
		CD7ADE6F174315F400B5B281 /* InfoPlist.strings */ = {
			isa = PBXVariantGroup;
			children = (
				CD7ADE70174315F400B5B281 /* en */,
			);
			name = InfoPlist.strings;
			sourceTree = "<group>";
		};
/* End PBXVariantGroup section */

/* Begin XCBuildConfiguration section */
		CD7ADE75174315F400B5B281 /* Debug */ = {
			isa = XCBuildConfiguration;
			buildSettings = {
				ALWAYS_SEARCH_USER_PATHS = NO;
				CLANG_CXX_LANGUAGE_STANDARD = "gnu++0x";
				CLANG_CXX_LIBRARY = "libc++";
				CLANG_ENABLE_OBJC_ARC = YES;
				CLANG_WARN_CONSTANT_CONVERSION = YES;
				CLANG_WARN_EMPTY_BODY = YES;
				CLANG_WARN_ENUM_CONVERSION = YES;
				CLANG_WARN_INT_CONVERSION = YES;
				CLANG_WARN__DUPLICATE_METHOD_MATCH = YES;
				"CODE_SIGN_IDENTITY[sdk=iphoneos*]" = "iPhone Developer";
				COPY_PHASE_STRIP = NO;
				GCC_C_LANGUAGE_STANDARD = gnu99;
				GCC_DYNAMIC_NO_PIC = NO;
				GCC_OPTIMIZATION_LEVEL = 0;
				GCC_PREPROCESSOR_DEFINITIONS = (
					"DEBUG=1",
					"$(inherited)",
				);
				GCC_SYMBOLS_PRIVATE_EXTERN = NO;
				GCC_WARN_ABOUT_RETURN_TYPE = YES;
				GCC_WARN_UNINITIALIZED_AUTOS = YES;
				GCC_WARN_UNUSED_VARIABLE = YES;
				IPHONEOS_DEPLOYMENT_TARGET = 6.1;
				ONLY_ACTIVE_ARCH = YES;
				SDKROOT = iphoneos;
			};
			name = Debug;
		};
		CD7ADE76174315F400B5B281 /* Release */ = {
			isa = XCBuildConfiguration;
			buildSettings = {
				ALWAYS_SEARCH_USER_PATHS = NO;
				CLANG_CXX_LANGUAGE_STANDARD = "gnu++0x";
				CLANG_CXX_LIBRARY = "libc++";
				CLANG_ENABLE_OBJC_ARC = YES;
				CLANG_WARN_CONSTANT_CONVERSION = YES;
				CLANG_WARN_EMPTY_BODY = YES;
				CLANG_WARN_ENUM_CONVERSION = YES;
				CLANG_WARN_INT_CONVERSION = YES;
				CLANG_WARN__DUPLICATE_METHOD_MATCH = YES;
				"CODE_SIGN_IDENTITY[sdk=iphoneos*]" = "iPhone Developer";
				COPY_PHASE_STRIP = YES;
				GCC_C_LANGUAGE_STANDARD = gnu99;
				GCC_WARN_ABOUT_RETURN_TYPE = YES;
				GCC_WARN_UNINITIALIZED_AUTOS = YES;
				GCC_WARN_UNUSED_VARIABLE = YES;
				IPHONEOS_DEPLOYMENT_TARGET = 6.1;
				OTHER_CFLAGS = "-DNS_BLOCK_ASSERTIONS=1";
				SDKROOT = iphoneos;
				VALIDATE_PRODUCT = YES;
			};
			name = Release;
		};
		CD7ADE78174315F400B5B281 /* Debug */ = {
			isa = XCBuildConfiguration;
			buildSettings = {
				GCC_PRECOMPILE_PREFIX_HEADER = YES;
				GCC_PREFIX_HEADER = "MovieLibrary/MovieLibrary-Prefix.pch";
				INFOPLIST_FILE = "MovieLibrary/MovieLibrary-Info.plist";
				PRODUCT_NAME = "$(TARGET_NAME)";
				WRAPPER_EXTENSION = app;
			};
			name = Debug;
		};
		CD7ADE79174315F400B5B281 /* Release */ = {
			isa = XCBuildConfiguration;
			buildSettings = {
				GCC_PRECOMPILE_PREFIX_HEADER = YES;
				GCC_PREFIX_HEADER = "MovieLibrary/MovieLibrary-Prefix.pch";
				INFOPLIST_FILE = "MovieLibrary/MovieLibrary-Info.plist";
				PRODUCT_NAME = "$(TARGET_NAME)";
				WRAPPER_EXTENSION = app;
			};
			name = Release;
		};
		CD7ADE7B174315F400B5B281 /* Debug */ = {
			isa = XCBuildConfiguration;
			baseConfigurationReference = D91DCCBA6E0B41B789B58675 /* Pods-MovieLibraryTests.xcconfig */;
			buildSettings = {
				BUNDLE_LOADER = "$(BUILT_PRODUCTS_DIR)/MovieLibrary.app/MovieLibrary";
				FRAMEWORK_SEARCH_PATHS = (
					"\"$(SDKROOT)/Developer/Library/Frameworks\"",
					"\"$(DEVELOPER_LIBRARY_DIR)/Frameworks\"",
				);
				GCC_PRECOMPILE_PREFIX_HEADER = YES;
				GCC_PREFIX_HEADER = "MovieLibrary/MovieLibrary-Prefix.pch";
				INFOPLIST_FILE = "MovieLibraryTests/MovieLibraryTests-Info.plist";
				PRODUCT_NAME = "$(TARGET_NAME)";
				TEST_HOST = "$(BUNDLE_LOADER)";
				WRAPPER_EXTENSION = octest;
			};
			name = Debug;
		};
		CD7ADE7C174315F400B5B281 /* Release */ = {
			isa = XCBuildConfiguration;
			baseConfigurationReference = D91DCCBA6E0B41B789B58675 /* Pods-MovieLibraryTests.xcconfig */;
			buildSettings = {
				BUNDLE_LOADER = "$(BUILT_PRODUCTS_DIR)/MovieLibrary.app/MovieLibrary";
				FRAMEWORK_SEARCH_PATHS = (
					"\"$(SDKROOT)/Developer/Library/Frameworks\"",
					"\"$(DEVELOPER_LIBRARY_DIR)/Frameworks\"",
				);
				GCC_PRECOMPILE_PREFIX_HEADER = YES;
				GCC_PREFIX_HEADER = "MovieLibrary/MovieLibrary-Prefix.pch";
				INFOPLIST_FILE = "MovieLibraryTests/MovieLibraryTests-Info.plist";
				PRODUCT_NAME = "$(TARGET_NAME)";
				TEST_HOST = "$(BUNDLE_LOADER)";
				WRAPPER_EXTENSION = octest;
			};
			name = Release;
		};
/* End XCBuildConfiguration section */

/* Begin XCConfigurationList section */
		CD7ADE40174315F400B5B281 /* Build configuration list for PBXProject "MovieLibrary" */ = {
			isa = XCConfigurationList;
			buildConfigurations = (
				CD7ADE75174315F400B5B281 /* Debug */,
				CD7ADE76174315F400B5B281 /* Release */,
			);
			defaultConfigurationIsVisible = 0;
			defaultConfigurationName = Release;
		};
		CD7ADE77174315F400B5B281 /* Build configuration list for PBXNativeTarget "MovieLibrary" */ = {
			isa = XCConfigurationList;
			buildConfigurations = (
				CD7ADE78174315F400B5B281 /* Debug */,
				CD7ADE79174315F400B5B281 /* Release */,
			);
			defaultConfigurationIsVisible = 0;
			defaultConfigurationName = Release;
		};
		CD7ADE7A174315F400B5B281 /* Build configuration list for PBXNativeTarget "MovieLibraryTests" */ = {
			isa = XCConfigurationList;
			buildConfigurations = (
				CD7ADE7B174315F400B5B281 /* Debug */,
				CD7ADE7C174315F400B5B281 /* Release */,
			);
			defaultConfigurationIsVisible = 0;
			defaultConfigurationName = Release;
		};
/* End XCConfigurationList section */
	};
	rootObject = CD7ADE3D174315F400B5B281 /* Project object */;
}
